
Microsoft Visual Studio Solution File, Format Version 12.00
# Visual Studio 15
VisualStudioVersion = 15.0.27004.2009
MinimumVisualStudioVersion = 10.0.40219.1
Project("{888888A0-9F3D-457C-B088-3A5042F75D52}") = "EduGame", "EduGame\EduGame.pyproj", "{40F7A9EE-9A89-42A4-A5BB-D4C9F12FBA72}"
EndProject
Global
	GlobalSection(SolutionConfigurationPlatforms) = preSolution
		Debug|Any CPU = Debug|Any CPU
		Release|Any CPU = Release|Any CPU
	EndGlobalSection
	GlobalSection(ProjectConfigurationPlatforms) = postSolution
		{40F7A9EE-9A89-42A4-A5BB-D4C9F12FBA72}.Debug|Any CPU.ActiveCfg = Debug|Any CPU
		{40F7A9EE-9A89-42A4-A5BB-D4C9F12FBA72}.Release|Any CPU.ActiveCfg = Release|Any CPU
	EndGlobalSection
	GlobalSection(SolutionProperties) = preSolution
		HideSolutionNode = FALSE
	EndGlobalSection
	GlobalSection(ExtensibilityGlobals) = postSolution
		SolutionGuid = {B21D4FAB-3EAE-4306-A52F-301A67D8662D}
	EndGlobalSection
EndGlobal
